// !$*UTF8*$!
{
	archiveVersion = 1;
	classes = {
	};
	objectVersion = 50;
	objects = {

/* Begin PBXBuildFile section */
		28FF82D72225A3EE00D56EA7 /* AppDelegate.swift in Sources */ = {isa = PBXBuildFile; fileRef = 28FF82D62225A3EE00D56EA7 /* AppDelegate.swift */; };
		28FF82D92225A3EE00D56EA7 /* ViewController.swift in Sources */ = {isa = PBXBuildFile; fileRef = 28FF82D82225A3EE00D56EA7 /* ViewController.swift */; };
		28FF82DC2225A3EE00D56EA7 /* Main.storyboard in Resources */ = {isa = PBXBuildFile; fileRef = 28FF82DA2225A3EE00D56EA7 /* Main.storyboard */; };
		28FF82DE2225A3EF00D56EA7 /* Assets.xcassets in Resources */ = {isa = PBXBuildFile; fileRef = 28FF82DD2225A3EF00D56EA7 /* Assets.xcassets */; };
		28FF82E12225A3EF00D56EA7 /* LaunchScreen.storyboard in Resources */ = {isa = PBXBuildFile; fileRef = 28FF82DF2225A3EF00D56EA7 /* LaunchScreen.storyboard */; };
		28FF82EC2225A3EF00D56EA7 /* My_Camera_AppTests.swift in Sources */ = {isa = PBXBuildFile; fileRef = 28FF82EB2225A3EF00D56EA7 /* My_Camera_AppTests.swift */; };
		28FF82F72225A3EF00D56EA7 /* My_Camera_AppUITests.swift in Sources */ = {isa = PBXBuildFile; fileRef = 28FF82F62225A3EF00D56EA7 /* My_Camera_AppUITests.swift */; };
/* End PBXBuildFile section */

/* Begin PBXContainerItemProxy section */
		28FF82E82225A3EF00D56EA7 /* PBXContainerItemProxy */ = {
			isa = PBXContainerItemProxy;
			containerPortal = 28FF82CB2225A3EE00D56EA7 /* Project object */;
			proxyType = 1;
			remoteGlobalIDString = 28FF82D22225A3EE00D56EA7;
			remoteInfo = "My Camera App";
		};
		28FF82F32225A3EF00D56EA7 /* PBXContainerItemProxy */ = {
			isa = PBXContainerItemProxy;
			containerPortal = 28FF82CB2225A3EE00D56EA7 /* Project object */;
			proxyType = 1;
			remoteGlobalIDString = 28FF82D22225A3EE00D56EA7;
			remoteInfo = "My Camera App";
		};
/* End PBXContainerItemProxy section */

/* Begin PBXFileReference section */
		28FF82D32225A3EE00D56EA7 /* My Camera App.app */ = {isa = PBXFileReference; explicitFileType = wrapper.application; includeInIndex = 0; path = "My Camera App.app"; sourceTree = BUILT_PRODUCTS_DIR; };
		28FF82D62225A3EE00D56EA7 /* AppDelegate.swift */ = {isa = PBXFileReference; lastKnownFileType = sourcecode.swift; path = AppDelegate.swift; sourceTree = "<group>"; };
		28FF82D82225A3EE00D56EA7 /* ViewController.swift */ = {isa = PBXFileReference; lastKnownFileType = sourcecode.swift; path = ViewController.swift; sourceTree = "<group>"; };
		28FF82DB2225A3EE00D56EA7 /* Base */ = {isa = PBXFileReference; lastKnownFileType = file.storyboard; name = Base; path = Base.lproj/Main.storyboard; sourceTree = "<group>"; };
		28FF82DD2225A3EF00D56EA7 /* Assets.xcassets */ = {isa = PBXFileReference; lastKnownFileType = folder.assetcatalog; path = Assets.xcassets; sourceTree = "<group>"; };
		28FF82E02225A3EF00D56EA7 /* Base */ = {isa = PBXFileReference; lastKnownFileType = file.storyboard; name = Base; path = Base.lproj/LaunchScreen.storyboard; sourceTree = "<group>"; };
		28FF82E22225A3EF00D56EA7 /* Info.plist */ = {isa = PBXFileReference; lastKnownFileType = text.plist.xml; path = Info.plist; sourceTree = "<group>"; };
		28FF82E72225A3EF00D56EA7 /* My Camera AppTests.xctest */ = {isa = PBXFileReference; explicitFileType = wrapper.cfbundle; includeInIndex = 0; path = "My Camera AppTests.xctest"; sourceTree = BUILT_PRODUCTS_DIR; };
		28FF82EB2225A3EF00D56EA7 /* My_Camera_AppTests.swift */ = {isa = PBXFileReference; lastKnownFileType = sourcecode.swift; path = My_Camera_AppTests.swift; sourceTree = "<group>"; };
		28FF82ED2225A3EF00D56EA7 /* Info.plist */ = {isa = PBXFileReference; lastKnownFileType = text.plist.xml; path = Info.plist; sourceTree = "<group>"; };
		28FF82F22225A3EF00D56EA7 /* My Camera AppUITests.xctest */ = {isa = PBXFileReference; explicitFileType = wrapper.cfbundle; includeInIndex = 0; path = "My Camera AppUITests.xctest"; sourceTree = BUILT_PRODUCTS_DIR; };
		28FF82F62225A3EF00D56EA7 /* My_Camera_AppUITests.swift */ = {isa = PBXFileReference; lastKnownFileType = sourcecode.swift; path = My_Camera_AppUITests.swift; sourceTree = "<group>"; };
		28FF82F82225A3EF00D56EA7 /* Info.plist */ = {isa = PBXFileReference; lastKnownFileType = text.plist.xml; path = Info.plist; sourceTree = "<group>"; };
/* End PBXFileReference section */

/* Begin PBXFrameworksBuildPhase section */
		28FF82D02225A3EE00D56EA7 /* Frameworks */ = {
			isa = PBXFrameworksBuildPhase;
			buildActionMask = 2147483647;
			files = (
			);
			runOnlyForDeploymentPostprocessing = 0;
		};
		28FF82E42225A3EF00D56EA7 /* Frameworks */ = {
			isa = PBXFrameworksBuildPhase;
			buildActionMask = 2147483647;
			files = (
			);
			runOnlyForDeploymentPostprocessing = 0;
		};
		28FF82EF2225A3EF00D56EA7 /* Frameworks */ = {
			isa = PBXFrameworksBuildPhase;
			buildActionMask = 2147483647;
			files = (
			);
			runOnlyForDeploymentPostprocessing = 0;
		};
/* End PBXFrameworksBuildPhase section */

/* Begin PBXGroup section */
		28FF82CA2225A3EE00D56EA7 = {
			isa = PBXGroup;
			children = (
				28FF82D52225A3EE00D56EA7 /* My Camera App */,
				28FF82EA2225A3EF00D56EA7 /* My Camera AppTests */,
				28FF82F52225A3EF00D56EA7 /* My Camera AppUITests */,
				28FF82D42225A3EE00D56EA7 /* Products */,
			);
			sourceTree = "<group>";
		};
		28FF82D42225A3EE00D56EA7 /* Products */ = {
			isa = PBXGroup;
			children = (
				28FF82D32225A3EE00D56EA7 /* My Camera App.app */,
				28FF82E72225A3EF00D56EA7 /* My Camera AppTests.xctest */,
				28FF82F22225A3EF00D56EA7 /* My Camera AppUITests.xctest */,
			);
			name = Products;
			sourceTree = "<group>";
		};
		28FF82D52225A3EE00D56EA7 /* My Camera App */ = {
			isa = PBXGroup;
			children = (
				28FF82D62225A3EE00D56EA7 /* AppDelegate.swift */,
				28FF82D82225A3EE00D56EA7 /* ViewController.swift */,
				28FF82DA2225A3EE00D56EA7 /* Main.storyboard */,
				28FF82DD2225A3EF00D56EA7 /* Assets.xcassets */,
				28FF82DF2225A3EF00D56EA7 /* LaunchScreen.storyboard */,
				28FF82E22225A3EF00D56EA7 /* Info.plist */,
			);
			path = "My Camera App";
			sourceTree = "<group>";
		};
		28FF82EA2225A3EF00D56EA7 /* My Camera AppTests */ = {
			isa = PBXGroup;
			children = (
				28FF82EB2225A3EF00D56EA7 /* My_Camera_AppTests.swift */,
				28FF82ED2225A3EF00D56EA7 /* Info.plist */,
			);
			path = "My Camera AppTests";
			sourceTree = "<group>";
		};
		28FF82F52225A3EF00D56EA7 /* My Camera AppUITests */ = {
			isa = PBXGroup;
			children = (
				28FF82F62225A3EF00D56EA7 /* My_Camera_AppUITests.swift */,
				28FF82F82225A3EF00D56EA7 /* Info.plist */,
			);
			path = "My Camera AppUITests";
			sourceTree = "<group>";
		};
/* End PBXGroup section */

/* Begin PBXNativeTarget section */
		28FF82D22225A3EE00D56EA7 /* My Camera App */ = {
			isa = PBXNativeTarget;
			buildConfigurationList = 28FF82FB2225A3EF00D56EA7 /* Build configuration list for PBXNativeTarget "My Camera App" */;
			buildPhases = (
				28FF82CF2225A3EE00D56EA7 /* Sources */,
				28FF82D02225A3EE00D56EA7 /* Frameworks */,
				28FF82D12225A3EE00D56EA7 /* Resources */,
			);
			buildRules = (
			);
			dependencies = (
			);
			name = "My Camera App";
			productName = "My Camera App";
			productReference = 28FF82D32225A3EE00D56EA7 /* My Camera App.app */;
			productType = "com.apple.product-type.application";
		};
		28FF82E62225A3EF00D56EA7 /* My Camera AppTests */ = {
			isa = PBXNativeTarget;
			buildConfigurationList = 28FF82FE2225A3EF00D56EA7 /* Build configuration list for PBXNativeTarget "My Camera AppTests" */;
			buildPhases = (
				28FF82E32225A3EF00D56EA7 /* Sources */,
				28FF82E42225A3EF00D56EA7 /* Frameworks */,
				28FF82E52225A3EF00D56EA7 /* Resources */,
			);
			buildRules = (
			);
			dependencies = (
				28FF82E92225A3EF00D56EA7 /* PBXTargetDependency */,
			);
			name = "My Camera AppTests";
			productName = "My Camera AppTests";
			productReference = 28FF82E72225A3EF00D56EA7 /* My Camera AppTests.xctest */;
			productType = "com.apple.product-type.bundle.unit-test";
		};
		28FF82F12225A3EF00D56EA7 /* My Camera AppUITests */ = {
			isa = PBXNativeTarget;
			buildConfigurationList = 28FF83012225A3EF00D56EA7 /* Build configuration list for PBXNativeTarget "My Camera AppUITests" */;
			buildPhases = (
				28FF82EE2225A3EF00D56EA7 /* Sources */,
				28FF82EF2225A3EF00D56EA7 /* Frameworks */,
				28FF82F02225A3EF00D56EA7 /* Resources */,
			);
			buildRules = (
			);
			dependencies = (
				28FF82F42225A3EF00D56EA7 /* PBXTargetDependency */,
			);
			name = "My Camera AppUITests";
			productName = "My Camera AppUITests";
			productReference = 28FF82F22225A3EF00D56EA7 /* My Camera AppUITests.xctest */;
			productType = "com.apple.product-type.bundle.ui-testing";
		};
/* End PBXNativeTarget section */

/* Begin PBXProject section */
		28FF82CB2225A3EE00D56EA7 /* Project object */ = {
			isa = PBXProject;
			attributes = {
				LastSwiftUpdateCheck = 1010;
				LastUpgradeCheck = 1010;
				ORGANIZATIONNAME = "Jennifer Mah";
				TargetAttributes = {
					28FF82D22225A3EE00D56EA7 = {
						CreatedOnToolsVersion = 10.1;
					};
					28FF82E62225A3EF00D56EA7 = {
						CreatedOnToolsVersion = 10.1;
						TestTargetID = 28FF82D22225A3EE00D56EA7;
					};
					28FF82F12225A3EF00D56EA7 = {
						CreatedOnToolsVersion = 10.1;
						TestTargetID = 28FF82D22225A3EE00D56EA7;
					};
				};
			};
			buildConfigurationList = 28FF82CE2225A3EE00D56EA7 /* Build configuration list for PBXProject "My Camera App" */;
			compatibilityVersion = "Xcode 9.3";
			developmentRegion = en;
			hasScannedForEncodings = 0;
			knownRegions = (
				en,
				Base,
			);
			mainGroup = 28FF82CA2225A3EE00D56EA7;
			productRefGroup = 28FF82D42225A3EE00D56EA7 /* Products */;
			projectDirPath = "";
			projectRoot = "";
			targets = (
				28FF82D22225A3EE00D56EA7 /* My Camera App */,
				28FF82E62225A3EF00D56EA7 /* My Camera AppTests */,
				28FF82F12225A3EF00D56EA7 /* My Camera AppUITests */,
			);
		};
/* End PBXProject section */

/* Begin PBXResourcesBuildPhase section */
		28FF82D12225A3EE00D56EA7 /* Resources */ = {
			isa = PBXResourcesBuildPhase;
			buildActionMask = 2147483647;
			files = (
				28FF82E12225A3EF00D56EA7 /* LaunchScreen.storyboard in Resources */,
				28FF82DE2225A3EF00D56EA7 /* Assets.xcassets in Resources */,
				28FF82DC2225A3EE00D56EA7 /* Main.storyboard in Resources */,
			);
			runOnlyForDeploymentPostprocessing = 0;
		};
		28FF82E52225A3EF00D56EA7 /* Resources */ = {
			isa = PBXResourcesBuildPhase;
			buildActionMask = 2147483647;
			files = (
			);
			runOnlyForDeploymentPostprocessing = 0;
		};
		28FF82F02225A3EF00D56EA7 /* Resources */ = {
			isa = PBXResourcesBuildPhase;
			buildActionMask = 2147483647;
			files = (
			);
			runOnlyForDeploymentPostprocessing = 0;
		};
/* End PBXResourcesBuildPhase section */

/* Begin PBXSourcesBuildPhase section */
		28FF82CF2225A3EE00D56EA7 /* Sources */ = {
			isa = PBXSourcesBuildPhase;
			buildActionMask = 2147483647;
			files = (
				28FF82D92225A3EE00D56EA7 /* ViewController.swift in Sources */,
				28FF82D72225A3EE00D56EA7 /* AppDelegate.swift in Sources */,
			);
			runOnlyForDeploymentPostprocessing = 0;
		};
		28FF82E32225A3EF00D56EA7 /* Sources */ = {
			isa = PBXSourcesBuildPhase;
			buildActionMask = 2147483647;
			files = (
				28FF82EC2225A3EF00D56EA7 /* My_Camera_AppTests.swift in Sources */,
			);
			runOnlyForDeploymentPostprocessing = 0;
		};
		28FF82EE2225A3EF00D56EA7 /* Sources */ = {
			isa = PBXSourcesBuildPhase;
			buildActionMask = 2147483647;
			files = (
				28FF82F72225A3EF00D56EA7 /* My_Camera_AppUITests.swift in Sources */,
			);
			runOnlyForDeploymentPostprocessing = 0;
		};
/* End PBXSourcesBuildPhase section */

/* Begin PBXTargetDependency section */
		28FF82E92225A3EF00D56EA7 /* PBXTargetDependency */ = {
			isa = PBXTargetDependency;
			target = 28FF82D22225A3EE00D56EA7 /* My Camera App */;
			targetProxy = 28FF82E82225A3EF00D56EA7 /* PBXContainerItemProxy */;
		};
		28FF82F42225A3EF00D56EA7 /* PBXTargetDependency */ = {
			isa = PBXTargetDependency;
			target = 28FF82D22225A3EE00D56EA7 /* My Camera App */;
			targetProxy = 28FF82F32225A3EF00D56EA7 /* PBXContainerItemProxy */;
		};
/* End PBXTargetDependency section */

/* Begin PBXVariantGroup section */
		28FF82DA2225A3EE00D56EA7 /* Main.storyboard */ = {
			isa = PBXVariantGroup;
			children = (
				28FF82DB2225A3EE00D56EA7 /* Base */,
			);
			name = Main.storyboard;
			sourceTree = "<group>";
		};
		28FF82DF2225A3EF00D56EA7 /* LaunchScreen.storyboard */ = {
			isa = PBXVariantGroup;
			children = (
				28FF82E02225A3EF00D56EA7 /* Base */,
			);
			name = LaunchScreen.storyboard;
			sourceTree = "<group>";
		};
/* End PBXVariantGroup section */

/* Begin XCBuildConfiguration section */
		28FF82F92225A3EF00D56EA7 /* Debug */ = {
			isa = XCBuildConfiguration;
			buildSettings = {
				ALWAYS_SEARCH_USER_PATHS = NO;
				CLANG_ANALYZER_NONNULL = YES;
				CLANG_ANALYZER_NUMBER_OBJECT_CONVERSION = YES_AGGRESSIVE;
				CLANG_CXX_LANGUAGE_STANDARD = "gnu++14";
				CLANG_CXX_LIBRARY = "libc++";
				CLANG_ENABLE_MODULES = YES;
				CLANG_ENABLE_OBJC_ARC = YES;
				CLANG_ENABLE_OBJC_WEAK = YES;
				CLANG_WARN_BLOCK_CAPTURE_AUTORELEASING = YES;
				CLANG_WARN_BOOL_CONVERSION = YES;
				CLANG_WARN_COMMA = YES;
				CLANG_WARN_CONSTANT_CONVERSION = YES;
				CLANG_WARN_DEPRECATED_OBJC_IMPLEMENTATIONS = YES;
				CLANG_WARN_DIRECT_OBJC_ISA_USAGE = YES_ERROR;
				CLANG_WARN_DOCUMENTATION_COMMENTS = YES;
				CLANG_WARN_EMPTY_BODY = YES;
				CLANG_WARN_ENUM_CONVERSION = YES;
				CLANG_WARN_INFINITE_RECURSION = YES;
				CLANG_WARN_INT_CONVERSION = YES;
				CLANG_WARN_NON_LITERAL_NULL_CONVERSION = YES;
				CLANG_WARN_OBJC_IMPLICIT_RETAIN_SELF = YES;
				CLANG_WARN_OBJC_LITERAL_CONVERSION = YES;
				CLANG_WARN_OBJC_ROOT_CLASS = YES_ERROR;
				CLANG_WARN_RANGE_LOOP_ANALYSIS = YES;
				CLANG_WARN_STRICT_PROTOTYPES = YES;
				CLANG_WARN_SUSPICIOUS_MOVE = YES;
				CLANG_WARN_UNGUARDED_AVAILABILITY = YES_AGGRESSIVE;
				CLANG_WARN_UNREACHABLE_CODE = YES;
				CLANG_WARN__DUPLICATE_METHOD_MATCH = YES;
				CODE_SIGN_IDENTITY = "iPhone Developer";
				COPY_PHASE_STRIP = NO;
				DEBUG_INFORMATION_FORMAT = dwarf;
				ENABLE_STRICT_OBJC_MSGSEND = YES;
				ENABLE_TESTABILITY = YES;
				GCC_C_LANGUAGE_STANDARD = gnu11;
				GCC_DYNAMIC_NO_PIC = NO;
				GCC_NO_COMMON_BLOCKS = YES;
				GCC_OPTIMIZATION_LEVEL = 0;
				GCC_PREPROCESSOR_DEFINITIONS = (
					"DEBUG=1",
					"$(inherited)",
				);
				GCC_WARN_64_TO_32_BIT_CONVERSION = YES;
				GCC_WARN_ABOUT_RETURN_TYPE = YES_ERROR;
				GCC_WARN_UNDECLARED_SELECTOR = YES;
				GCC_WARN_UNINITIALIZED_AUTOS = YES_AGGRESSIVE;
				GCC_WARN_UNUSED_FUNCTION = YES;
				GCC_WARN_UNUSED_VARIABLE = YES;
				IPHONEOS_DEPLOYMENT_TARGET = 12.1;
				MTL_ENABLE_DEBUG_INFO = INCLUDE_SOURCE;
				MTL_FAST_MATH = YES;
				ONLY_ACTIVE_ARCH = YES;
				SDKROOT = iphoneos;
				SWIFT_ACTIVE_COMPILATION_CONDITIONS = DEBUG;
				SWIFT_OPTIMIZATION_LEVEL = "-Onone";
			};
			name = Debug;
		};
		28FF82FA2225A3EF00D56EA7 /* Release */ = {
			isa = XCBuildConfiguration;
			buildSettings = {
				ALWAYS_SEARCH_USER_PATHS = NO;
				CLANG_ANALYZER_NONNULL = YES;
				CLANG_ANALYZER_NUMBER_OBJECT_CONVERSION = YES_AGGRESSIVE;
				CLANG_CXX_LANGUAGE_STANDARD = "gnu++14";
				CLANG_CXX_LIBRARY = "libc++";
				CLANG_ENABLE_MODULES = YES;
				CLANG_ENABLE_OBJC_ARC = YES;
				CLANG_ENABLE_OBJC_WEAK = YES;
				CLANG_WARN_BLOCK_CAPTURE_AUTORELEASING = YES;
				CLANG_WARN_BOOL_CONVERSION = YES;
				CLANG_WARN_COMMA = YES;
				CLANG_WARN_CONSTANT_CONVERSION = YES;
				CLANG_WARN_DEPRECATED_OBJC_IMPLEMENTATIONS = YES;
				CLANG_WARN_DIRECT_OBJC_ISA_USAGE = YES_ERROR;
				CLANG_WARN_DOCUMENTATION_COMMENTS = YES;
				CLANG_WARN_EMPTY_BODY = YES;
				CLANG_WARN_ENUM_CONVERSION = YES;
				CLANG_WARN_INFINITE_RECURSION = YES;
				CLANG_WARN_INT_CONVERSION = YES;
				CLANG_WARN_NON_LITERAL_NULL_CONVERSION = YES;
				CLANG_WARN_OBJC_IMPLICIT_RETAIN_SELF = YES;
				CLANG_WARN_OBJC_LITERAL_CONVERSION = YES;
				CLANG_WARN_OBJC_ROOT_CLASS = YES_ERROR;
				CLANG_WARN_RANGE_LOOP_ANALYSIS = YES;
				CLANG_WARN_STRICT_PROTOTYPES = YES;
				CLANG_WARN_SUSPICIOUS_MOVE = YES;
				CLANG_WARN_UNGUARDED_AVAILABILITY = YES_AGGRESSIVE;
				CLANG_WARN_UNREACHABLE_CODE = YES;
				CLANG_WARN__DUPLICATE_METHOD_MATCH = YES;
				CODE_SIGN_IDENTITY = "iPhone Developer";
				COPY_PHASE_STRIP = NO;
				DEBUG_INFORMATION_FORMAT = "dwarf-with-dsym";
				ENABLE_NS_ASSERTIONS = NO;
				ENABLE_STRICT_OBJC_MSGSEND = YES;
				GCC_C_LANGUAGE_STANDARD = gnu11;
				GCC_NO_COMMON_BLOCKS = YES;
				GCC_WARN_64_TO_32_BIT_CONVERSION = YES;
				GCC_WARN_ABOUT_RETURN_TYPE = YES_ERROR;
				GCC_WARN_UNDECLARED_SELECTOR = YES;
				GCC_WARN_UNINITIALIZED_AUTOS = YES_AGGRESSIVE;
				GCC_WARN_UNUSED_FUNCTION = YES;
				GCC_WARN_UNUSED_VARIABLE = YES;
				IPHONEOS_DEPLOYMENT_TARGET = 12.1;
				MTL_ENABLE_DEBUG_INFO = NO;
				MTL_FAST_MATH = YES;
				SDKROOT = iphoneos;
				SWIFT_COMPILATION_MODE = wholemodule;
				SWIFT_OPTIMIZATION_LEVEL = "-O";
				VALIDATE_PRODUCT = YES;
			};
			name = Release;
		};
		28FF82FC2225A3EF00D56EA7 /* Debug */ = {
			isa = XCBuildConfiguration;
			buildSettings = {
				ASSETCATALOG_COMPILER_APPICON_NAME = AppIcon;
				CODE_SIGN_STYLE = Automatic;
				DEVELOPMENT_TEAM = H8FY9XC9ZZ;
				INFOPLIST_FILE = "My Camera App/Info.plist";
				LD_RUNPATH_SEARCH_PATHS = (
					"$(inherited)",
					"@executable_path/Frameworks",
				);
				PRODUCT_BUNDLE_IDENTIFIER = "CU-Boulder.My-Camera-App";
				PRODUCT_NAME = "$(TARGET_NAME)";
				SWIFT_VERSION = 4.2;
				TARGETED_DEVICE_FAMILY = "1,2";
			};
			name = Debug;
		};
		28FF82FD2225A3EF00D56EA7 /* Release */ = {
			isa = XCBuildConfiguration;
			buildSettings = {
				ASSETCATALOG_COMPILER_APPICON_NAME = AppIcon;
				CODE_SIGN_STYLE = Automatic;
				DEVELOPMENT_TEAM = H8FY9XC9ZZ;
				INFOPLIST_FILE = "My Camera App/Info.plist";
				LD_RUNPATH_SEARCH_PATHS = (
					"$(inherited)",
					"@executable_path/Frameworks",
				);
				PRODUCT_BUNDLE_IDENTIFIER = "CU-Boulder.My-Camera-App";
				PRODUCT_NAME = "$(TARGET_NAME)";
				SWIFT_VERSION = 4.2;
				TARGETED_DEVICE_FAMILY = "1,2";
			};
			name = Release;
		};
		28FF82FF2225A3EF00D56EA7 /* Debug */ = {
			isa = XCBuildConfiguration;
			buildSettings = {
				ALWAYS_EMBED_SWIFT_STANDARD_LIBRARIES = YES;
				BUNDLE_LOADER = "$(TEST_HOST)";
				CODE_SIGN_STYLE = Automatic;
				INFOPLIST_FILE = "My Camera AppTests/Info.plist";
				LD_RUNPATH_SEARCH_PATHS = (
					"$(inherited)",
					"@executable_path/Frameworks",
					"@loader_path/Frameworks",
				);
				PRODUCT_BUNDLE_IDENTIFIER = "CU-Boulder.My-Camera-AppTests";
				PRODUCT_NAME = "$(TARGET_NAME)";
				SWIFT_VERSION = 4.2;
				TARGETED_DEVICE_FAMILY = "1,2";
				TEST_HOST = "$(BUILT_PRODUCTS_DIR)/My Camera App.app/My Camera App";
			};
			name = Debug;
		};
		28FF83002225A3EF00D56EA7 /* Release */ = {
			isa = XCBuildConfiguration;
			buildSettings = {
				ALWAYS_EMBED_SWIFT_STANDARD_LIBRARIES = YES;
				BUNDLE_LOADER = "$(TEST_HOST)";
				CODE_SIGN_STYLE = Automatic;
				INFOPLIST_FILE = "My Camera AppTests/Info.plist";
				LD_RUNPATH_SEARCH_PATHS = (
					"$(inherited)",
					"@executable_path/Frameworks",
					"@loader_path/Frameworks",
				);
				PRODUCT_BUNDLE_IDENTIFIER = "CU-Boulder.My-Camera-AppTests";
				PRODUCT_NAME = "$(TARGET_NAME)";
				SWIFT_VERSION = 4.2;
				TARGETED_DEVICE_FAMILY = "1,2";
				TEST_HOST = "$(BUILT_PRODUCTS_DIR)/My Camera App.app/My Camera App";
			};
			name = Release;
		};
		28FF83022225A3EF00D56EA7 /* Debug */ = {
			isa = XCBuildConfiguration;
			buildSettings = {
				ALWAYS_EMBED_SWIFT_STANDARD_LIBRARIES = YES;
				CODE_SIGN_STYLE = Automatic;
				INFOPLIST_FILE = "My Camera AppUITests/Info.plist";
				LD_RUNPATH_SEARCH_PATHS = (
					"$(inherited)",
					"@executable_path/Frameworks",
					"@loader_path/Frameworks",
				);
				PRODUCT_BUNDLE_IDENTIFIER = "CU-Boulder.My-Camera-AppUITests";
				PRODUCT_NAME = "$(TARGET_NAME)";
				SWIFT_VERSION = 4.2;
				TARGETED_DEVICE_FAMILY = "1,2";
				TEST_TARGET_NAME = "My Camera App";
			};
			name = Debug;
		};
		28FF83032225A3EF00D56EA7 /* Release */ = {
			isa = XCBuildConfiguration;
			buildSettings = {
				ALWAYS_EMBED_SWIFT_STANDARD_LIBRARIES = YES;
				CODE_SIGN_STYLE = Automatic;
				INFOPLIST_FILE = "My Camera AppUITests/Info.plist";
				LD_RUNPATH_SEARCH_PATHS = (
					"$(inherited)",
					"@executable_path/Frameworks",
					"@loader_path/Frameworks",
				);
				PRODUCT_BUNDLE_IDENTIFIER = "CU-Boulder.My-Camera-AppUITests";
				PRODUCT_NAME = "$(TARGET_NAME)";
				SWIFT_VERSION = 4.2;
				TARGETED_DEVICE_FAMILY = "1,2";
				TEST_TARGET_NAME = "My Camera App";
			};
			name = Release;
		};
/* End XCBuildConfiguration section */

/* Begin XCConfigurationList section */
		28FF82CE2225A3EE00D56EA7 /* Build configuration list for PBXProject "My Camera App" */ = {
			isa = XCConfigurationList;
			buildConfigurations = (
				28FF82F92225A3EF00D56EA7 /* Debug */,
				28FF82FA2225A3EF00D56EA7 /* Release */,
			);
			defaultConfigurationIsVisible = 0;
			defaultConfigurationName = Release;
		};
		28FF82FB2225A3EF00D56EA7 /* Build configuration list for PBXNativeTarget "My Camera App" */ = {
			isa = XCConfigurationList;
			buildConfigurations = (
				28FF82FC2225A3EF00D56EA7 /* Debug */,
				28FF82FD2225A3EF00D56EA7 /* Release */,
			);
			defaultConfigurationIsVisible = 0;
			defaultConfigurationName = Release;
		};
		28FF82FE2225A3EF00D56EA7 /* Build configuration list for PBXNativeTarget "My Camera AppTests" */ = {
			isa = XCConfigurationList;
			buildConfigurations = (
				28FF82FF2225A3EF00D56EA7 /* Debug */,
				28FF83002225A3EF00D56EA7 /* Release */,
			);
			defaultConfigurationIsVisible = 0;
			defaultConfigurationName = Release;
		};
		28FF83012225A3EF00D56EA7 /* Build configuration list for PBXNativeTarget "My Camera AppUITests" */ = {
			isa = XCConfigurationList;
			buildConfigurations = (
				28FF83022225A3EF00D56EA7 /* Debug */,
				28FF83032225A3EF00D56EA7 /* Release */,
			);
			defaultConfigurationIsVisible = 0;
			defaultConfigurationName = Release;
		};
/* End XCConfigurationList section */
	};
	rootObject = 28FF82CB2225A3EE00D56EA7 /* Project object */;
}
